
Microsoft Visual Studio Solution File, Format Version 12.00
# Visual Studio 14
VisualStudioVersion = 14.0.23107.0
MinimumVisualStudioVersion = 10.0.40219.1
Project("{FAE04EC0-301F-11D3-BF4B-00C04F79EFBC}") = "TFSTFServiceHook", "TFSTFServiceHook\TFSTFServiceHook.csproj", "{C2AC62E5-0A62-49DB-99E3-25B353D4A017}"
EndProject
Project("{FAE04EC0-301F-11D3-BF4B-00C04F79EFBC}") = "TFSTFServiceHookTests", "TFSTFServiceHookTests\TFSTFServiceHookTests.csproj", "{6C6D15AD-74E7-4FB9-A8FD-A1525CE63FFE}"
EndProject
Project("{FAE04EC0-301F-11D3-BF4B-00C04F79EFBC}") = "TFSMessageQueueProcess", "TFSMessageQueueProcess\TFSMessageQueueProcess.csproj", "{F8707F20-D1BF-4FDD-86AB-9E3674B92BB7}"
EndProject
Project("{FAE04EC0-301F-11D3-BF4B-00C04F79EFBC}") = "TFSTeamForgeSyncService", "TFSTeamForgeSyncService\TFSTeamForgeSyncService.csproj", "{6F601B7E-A2DF-43F3-9EC8-C1CA59C0F395}"
EndProject
Project("{FAE04EC0-301F-11D3-BF4B-00C04F79EFBC}") = "TFSServiceTestClient", "TFSServiceTestClient\TFSServiceTestClient.csproj", "{A84C8D8F-D238-449A-83E6-82B86F19B37B}"
EndProject
Project("{FAE04EC0-301F-11D3-BF4B-00C04F79EFBC}") = "TFSTeamForge.DataProcessing", "TFSTeamForge.DataProcessing\TFSTeamForge.DataProcessing.csproj", "{4D896B6E-2775-4EA9-A375-CD31CCB382CF}"
EndProject
Project("{2150E333-8FDC-42A3-9474-1A3956D46DE8}") = "WCF", "WCF", "{DB90C035-9552-443A-B3C9-02E5AA254CC8}"
EndProject
Project("{2150E333-8FDC-42A3-9474-1A3956D46DE8}") = "BusinessLogic", "BusinessLogic", "{A2982CFA-DBD5-4ECA-A0E0-B00D57E7F94C}"
EndProject
Project("{2150E333-8FDC-42A3-9474-1A3956D46DE8}") = "Tests", "Tests", "{0A0BB8E0-3915-41FA-8245-4A0322B290ED}"
EndProject
Global
	GlobalSection(SolutionConfigurationPlatforms) = preSolution
		Debug|Any CPU = Debug|Any CPU
		Release|Any CPU = Release|Any CPU
	EndGlobalSection
	GlobalSection(ProjectConfigurationPlatforms) = postSolution
		{C2AC62E5-0A62-49DB-99E3-25B353D4A017}.Debug|Any CPU.ActiveCfg = Debug|Any CPU
		{C2AC62E5-0A62-49DB-99E3-25B353D4A017}.Debug|Any CPU.Build.0 = Debug|Any CPU
		{C2AC62E5-0A62-49DB-99E3-25B353D4A017}.Release|Any CPU.ActiveCfg = Release|Any CPU
		{C2AC62E5-0A62-49DB-99E3-25B353D4A017}.Release|Any CPU.Build.0 = Release|Any CPU
		{6C6D15AD-74E7-4FB9-A8FD-A1525CE63FFE}.Debug|Any CPU.ActiveCfg = Debug|Any CPU
		{6C6D15AD-74E7-4FB9-A8FD-A1525CE63FFE}.Debug|Any CPU.Build.0 = Debug|Any CPU
		{6C6D15AD-74E7-4FB9-A8FD-A1525CE63FFE}.Release|Any CPU.ActiveCfg = Release|Any CPU
		{6C6D15AD-74E7-4FB9-A8FD-A1525CE63FFE}.Release|Any CPU.Build.0 = Release|Any CPU
		{F8707F20-D1BF-4FDD-86AB-9E3674B92BB7}.Debug|Any CPU.ActiveCfg = Debug|Any CPU
		{F8707F20-D1BF-4FDD-86AB-9E3674B92BB7}.Debug|Any CPU.Build.0 = Debug|Any CPU
		{F8707F20-D1BF-4FDD-86AB-9E3674B92BB7}.Release|Any CPU.ActiveCfg = Release|Any CPU
		{F8707F20-D1BF-4FDD-86AB-9E3674B92BB7}.Release|Any CPU.Build.0 = Release|Any CPU
		{6F601B7E-A2DF-43F3-9EC8-C1CA59C0F395}.Debug|Any CPU.ActiveCfg = Debug|Any CPU
		{6F601B7E-A2DF-43F3-9EC8-C1CA59C0F395}.Debug|Any CPU.Build.0 = Debug|Any CPU
		{6F601B7E-A2DF-43F3-9EC8-C1CA59C0F395}.Release|Any CPU.ActiveCfg = Release|Any CPU
		{6F601B7E-A2DF-43F3-9EC8-C1CA59C0F395}.Release|Any CPU.Build.0 = Release|Any CPU
		{A84C8D8F-D238-449A-83E6-82B86F19B37B}.Debug|Any CPU.ActiveCfg = Debug|Any CPU
		{A84C8D8F-D238-449A-83E6-82B86F19B37B}.Debug|Any CPU.Build.0 = Debug|Any CPU
		{A84C8D8F-D238-449A-83E6-82B86F19B37B}.Release|Any CPU.ActiveCfg = Release|Any CPU
		{A84C8D8F-D238-449A-83E6-82B86F19B37B}.Release|Any CPU.Build.0 = Release|Any CPU
		{4D896B6E-2775-4EA9-A375-CD31CCB382CF}.Debug|Any CPU.ActiveCfg = Debug|Any CPU
		{4D896B6E-2775-4EA9-A375-CD31CCB382CF}.Debug|Any CPU.Build.0 = Debug|Any CPU
		{4D896B6E-2775-4EA9-A375-CD31CCB382CF}.Release|Any CPU.ActiveCfg = Release|Any CPU
		{4D896B6E-2775-4EA9-A375-CD31CCB382CF}.Release|Any CPU.Build.0 = Release|Any CPU
	EndGlobalSection
	GlobalSection(SolutionProperties) = preSolution
		HideSolutionNode = FALSE
	EndGlobalSection
	GlobalSection(NestedProjects) = preSolution
		{6C6D15AD-74E7-4FB9-A8FD-A1525CE63FFE} = {0A0BB8E0-3915-41FA-8245-4A0322B290ED}
		{F8707F20-D1BF-4FDD-86AB-9E3674B92BB7} = {DB90C035-9552-443A-B3C9-02E5AA254CC8}
		{6F601B7E-A2DF-43F3-9EC8-C1CA59C0F395} = {DB90C035-9552-443A-B3C9-02E5AA254CC8}
		{A84C8D8F-D238-449A-83E6-82B86F19B37B} = {DB90C035-9552-443A-B3C9-02E5AA254CC8}
		{4D896B6E-2775-4EA9-A375-CD31CCB382CF} = {A2982CFA-DBD5-4ECA-A0E0-B00D57E7F94C}
	EndGlobalSection
EndGlobal
